github.com/mattn/go-sqlite3 v2.0.3+incompatible h1:gXHsfypPkaMZrKbD5209QV9jbUTJKjyR5WD3HYQSd+U=
github.com/mattn/go-sqlite3 v2.0.3+incompatible/go.mod h1:FPy6KqzDD04eiIsT53CuJW3U88zkxoIYsOqkbpncsNc=
github.com/pierrre/imageutil v1.0.0 h1:/DqwfUW34DdeZ/+btQRAD1NNIlLs+rAkskJJv5+jx2Q=
github.com/pierrre/imageutil v1.0.0/go.mod h1:7NQKvBWOPV2rUECRLS1xs/w1l1Dn6r5dn4f3mrz5SQg=
github.com/pixiv/go-libjpeg v0.0.0-20190822045933-3da21a74767d h1:ls+7AYarUlUSetfnN/DKVNcK6W8mQWc6VblmOm4XwX0=
github.com/pixiv/go-libjpeg v0.0.0-20190822045933-3da21a74767d/go.mod h1:DO7ixpslN6XfbWzeNH9vkS5CF2FQUX81B85rYe9zDxU=
