github.com/mattn/go-sqlite3 v2.0.3+incompatible h1:gXHsfypPkaMZrKbD5209QV9jbUTJKjyR5WD3HYQSd+U=
github.com/mattn/go-sqlite3 v2.0.3+incompatible/go.mod h1:FPy6KqzDD04eiIsT53CuJW3U88zkxoIYsOqkbpncsNc=
github.com/pierrre/imageutil v1.0.0 h1:/DqwfUW34DdeZ/+btQRAD1NNIlLs+rAkskJJv5+jx2Q=
github.com/pierrre/imageutil v1.0.0/go.mod h1:7NQKvBWOPV2rUECRLS1xs/w1l1Dn6r5dn4f3mrz5SQg=
github.com/valyala/gozstd v1.9.0 h1:Mse1yBM5ZQpigO4KW1bVK8p8VSRYttRF+pV0QsMWZ1Y=
github.com/valyala/gozstd v1.9.0/go.mod h1:y5Ew47GLlP37EkTB+B4s7r6A5rdaeB7ftbl9zoYiIPQ=
